[[package]]
name = "aiohttp"
version = "3.7.4.post0"
description = "Async http client/server framework (asyncio)"
category = "main"
optional = false
python-versions = ">=3.6"

[package.dependencies]
async-timeout = ">=3.0,<4.0"
attrs = ">=17.3.0"
chardet = ">=2.0,<5.0"
multidict = ">=4.5,<7.0"
typing-extensions = ">=3.6.5"
yarl = ">=1.0,<2.0"

[package.extras]
speedups = ["aiodns", "brotlipy", "cchardet"]

[[package]]
name = "astunparse"
version = "1.6.3"
description = "An AST unparser for Python"
category = "main"
optional = false
python-versions = "*"

[package.dependencies]
six = ">=1.6.1,<2.0"

[[package]]
name = "async-timeout"
version = "3.0.1"
description = "Timeout context manager for asyncio programs"
category = "main"
optional = false
python-versions = ">=3.5.3"

[[package]]
name = "attrs"
version = "21.4.0"
description = "Classes Without Boilerplate"
category = "main"
optional = false
python-versions = ">=2.7, !=3.0.*, !=3.1.*, !=3.2.*, !=3.3.*, !=3.4.*"

[package.extras]
dev = ["coverage[toml] (>=5.0.2)", "hypothesis", "pympler", "pytest (>=4.3.0)", "six", "mypy", "pytest-mypy-plugins", "zope.interface", "furo", "sphinx", "sphinx-notfound-page", "pre-commit", "cloudpickle"]
docs = ["furo", "sphinx", "zope.interface", "sphinx-notfound-page"]
tests = ["coverage[toml] (>=5.0.2)", "hypothesis", "pympler", "pytest (>=4.3.0)", "six", "mypy", "pytest-mypy-plugins", "zope.interface", "cloudpickle"]
tests_no_zope = ["coverage[toml] (>=5.0.2)", "hypothesis", "pympler", "pytest (>=4.3.0)", "six", "mypy", "pytest-mypy-plugins", "cloudpickle"]

[[package]]
name = "braceexpand"
version = "0.1.7"
description = "Bash-style brace expansion for Python"
category = "main"
optional = false
python-versions = "*"

[[package]]
name = "certifi"
version = "2022.6.15"
description = "Python package for providing Mozilla's CA Bundle."
category = "main"
optional = false
python-versions = ">=3.6"

[[package]]
name = "chardet"
version = "4.0.0"
description = "Universal encoding detector for Python 2 and 3"
category = "main"
optional = false
python-versions = ">=2.7, !=3.0.*, !=3.1.*, !=3.2.*, !=3.3.*, !=3.4.*"

[[package]]
name = "charset-normalizer"
version = "2.1.0"
description = "The Real First Universal Charset Detector. Open, modern and actively maintained alternative to Chardet."
category = "main"
optional = false
python-versions = ">=3.6.0"

[package.extras]
unicode_backport = ["unicodedata2"]

[[package]]
name = "click"
version = "8.1.3"
description = "Composable command line interface toolkit"
category = "main"
optional = false
python-versions = ">=3.7"

[package.dependencies]
colorama = {version = "*", markers = "platform_system == \"Windows\""}

[[package]]
name = "colorama"
version = "0.4.5"
description = "Cross-platform colored terminal text."
category = "main"
optional = false
python-versions = ">=2.7, !=3.0.*, !=3.1.*, !=3.2.*, !=3.3.*, !=3.4.*"

[[package]]
name = "discord"
version = "2.0.0"
description = "A mirror package for discord.py. Please install that instead."
category = "main"
optional = false
python-versions = "*"

[package.dependencies]
"discord.py" = ">=2.0.0"

[[package]]
name = "discord-ext-menus"
version = "1.0.0a32+g8686b5d"
description = "An extension module to make reaction based menus with discord.py"
category = "main"
optional = false
python-versions = ">=3.5.3"
develop = false

[package.dependencies]
"discord.py" = ">=1.2.5"

[package.source]
type = "git"
url = "https://github.com/Rapptz/discord-ext-menus.git"
reference = "master"
resolved_reference = "8686b5d1bbc1d3c862292eb436ab630d6e9c9b53"

[[package]]
name = "discord.py"
version = "2.0.0"
description = "A Python wrapper for the Discord API"
category = "main"
optional = false
python-versions = ">=3.8.0"

[package.dependencies]
aiohttp = ">=3.7.4,<4"

[package.extras]
docs = ["sphinx (==4.4.0)", "sphinxcontrib-trio (==1.1.2)", "sphinxcontrib-websupport", "typing-extensions (>=4.3,<5)"]
speed = ["orjson (>=3.5.4)", "aiodns (>=1.1)", "brotli", "cchardet"]
test = ["coverage", "pytest", "pytest-asyncio", "pytest-cov", "pytest-mock", "typing-extensions (>=4.3,<5)"]
voice = ["PyNaCl (>=1.3.0,<1.6)"]

[[package]]
name = "dnspython"
version = "2.2.1"
description = "DNS toolkit"
category = "main"
optional = false
python-versions = ">=3.6,<4.0"

[package.extras]
dnssec = ["cryptography (>=2.6,<37.0)"]
curio = ["curio (>=1.2,<2.0)", "sniffio (>=1.1,<2.0)"]
doh = ["h2 (>=4.1.0)", "httpx (>=0.21.1)", "requests (>=2.23.0,<3.0.0)", "requests-toolbelt (>=0.9.1,<0.10.0)"]
idna = ["idna (>=2.1,<4.0)"]
trio = ["trio (>=0.14,<0.20)"]
wmi = ["wmi (>=1.5.1,<2.0.0)"]

[[package]]
name = "emoji"
version = "2.1.0"
description = "Emoji for Python"
category = "main"
optional = false
python-versions = ">=2.7, !=3.0.*, !=3.1.*, !=3.2.*, !=3.3.*"

[package.extras]
dev = ["pytest", "coverage", "coveralls"]

[[package]]
name = "flask"
version = "2.1.2"
description = "A simple framework for building complex web applications."
category = "main"
optional = false
python-versions = ">=3.7"

[package.dependencies]
click = ">=8.0"
importlib-metadata = {version = ">=3.6.0", markers = "python_version < \"3.10\""}
itsdangerous = ">=2.0"
Jinja2 = ">=3.0"
Werkzeug = ">=2.0"

[package.extras]
async = ["asgiref (>=3.2)"]
dotenv = ["python-dotenv"]

[[package]]
name = "idna"
version = "3.3"
description = "Internationalized Domain Names in Applications (IDNA)"
category = "main"
optional = false
python-versions = ">=3.5"

[[package]]
name = "imageio"
version = "2.21.1"
description = "Library for reading and writing a wide range of image, video, scientific, and volumetric data formats."
category = "main"
optional = false
python-versions = ">=3.7"

[package.dependencies]
numpy = "*"
pillow = ">=8.3.2"

[package.extras]
all-plugins = ["astropy", "av", "imageio-ffmpeg", "opencv-python", "psutil", "tifffile"]
all-plugins-pypy = ["av", "imageio-ffmpeg", "psutil", "tifffile"]
build = ["wheel"]
dev = ["invoke", "pytest", "pytest-cov", "fsspec", "black", "flake8"]
docs = ["sphinx", "numpydoc", "pydata-sphinx-theme"]
ffmpeg = ["imageio-ffmpeg", "psutil"]
fits = ["astropy"]
full = ["astropy", "av", "black", "flake8", "fsspec", "gdal", "imageio-ffmpeg", "invoke", "itk", "numpydoc", "opencv-python", "psutil", "pydata-sphinx-theme", "pytest", "pytest-cov", "sphinx", "tifffile", "wheel"]
gdal = ["gdal"]
itk = ["itk"]
linting = ["black", "flake8"]
opencv = ["opencv-python"]
pyav = ["av"]
test = ["invoke", "pytest", "pytest-cov", "fsspec"]
tifffile = ["tifffile"]

[[package]]
name = "import-expression"
version = "1.1.4"
description = "Parses a superset of Python allowing for inline module import expressions"
category = "main"
optional = false
python-versions = "*"

[package.dependencies]
astunparse = ">=1.6.3,<2.0.0"

[package.extras]
test = ["pytest", "pytest-cov"]

[[package]]
name = "importlib-metadata"
version = "4.11.4"
description = "Read metadata from Python packages"
category = "main"
optional = false
python-versions = ">=3.7"

[package.dependencies]
zipp = ">=0.5"

[package.extras]
docs = ["sphinx", "jaraco.packaging (>=9)", "rst.linker (>=1.9)"]
perf = ["ipython"]
testing = ["pytest (>=6)", "pytest-checkdocs (>=2.4)", "pytest-flake8", "pytest-cov", "pytest-enabler (>=1.0.1)", "packaging", "pyfakefs", "flufl.flake8", "pytest-perf (>=0.9.2)", "pytest-black (>=0.3.7)", "pytest-mypy (>=0.9.1)", "importlib-resources (>=1.3)"]

[[package]]
name = "itsdangerous"
version = "2.1.2"
description = "Safely pass data to untrusted environments and back."
category = "main"
optional = false
python-versions = ">=3.7"

[[package]]
name = "jinja2"
version = "3.1.2"
description = "A very fast and expressive template engine."
category = "main"
optional = false
python-versions = ">=3.7"

[package.dependencies]
MarkupSafe = ">=2.0"

[package.extras]
i18n = ["Babel (>=2.7)"]

[[package]]
name = "jishaku"
version = "2.5.1"
description = "A discord.py extension including useful tools for bot development and debugging."
category = "main"
optional = false
python-versions = ">=3.8.0"

[package.dependencies]
braceexpand = ">=0.1.7"
click = ">=8.0.1"
import-expression = ">=1.0.0,<2.0.0"
importlib-metadata = {version = ">=3.7.0", markers = "python_version < \"3.10\""}
line-profiler = ">=3.5.1"
typing-extensions = {version = ">=3.10.0", markers = "python_version < \"3.10\""}

[package.extras]
discordpy = ["discord.py (>=1.7.3)"]
docs = ["Sphinx (>=4.4.0)", "sphinxcontrib-asyncio (>=0.3.0)"]
procinfo = ["psutil (>=5.8.0)"]
publish = ["Jinja2 (>=3.0.3)"]
test = ["coverage (>=6.3.2)", "flake8 (>=4.0.1)", "isort (>=5.10.1)", "pylint (>=2.11.1)", "pytest (>=7.0.1)", "pytest-asyncio (>=0.18.1)", "pytest-cov (>=3.0.0)", "pytest-mock (>=3.7.0)"]
voice = ["yt-dlp (>=2022.3.8)"]

[[package]]
name = "line-profiler"
version = "4.0.2"
description = "Line-by-line profiler"
category = "main"
optional = false
python-versions = ">=3.6"

[package.extras]
all = ["pytest", "pytest-cov", "coverage", "ubelt", "cython", "scikit-build", "cmake", "ninja", "cibuildwheel", "cibuildwheel", "cibuildwheel", "cibuildwheel", "cibuildwheel", "cibuildwheel", "ipython", "ipython"]
all-strict = ["pytest (==4.6.11)", "pytest-cov (==2.10.1)", "coverage[toml] (==5.3)", "ubelt (==1.0.1)", "Cython (==3.0.0a11)", "scikit-build (==0.11.1)", "cmake (==3.21.2)", "ninja (==1.10.2)", "cibuildwheel (==2.11.2)", "cibuildwheel (==2.11.2)", "cibuildwheel (==2.8.1)", "cibuildwheel (==2.11.2)", "cibuildwheel (==2.11.2)", "cibuildwheel (==2.11.2)", "IPython (==0.13)", "IPython (==0.13)"]
build = ["cython", "scikit-build", "cmake", "ninja", "cibuildwheel", "cibuildwheel", "cibuildwheel", "cibuildwheel", "cibuildwheel", "cibuildwheel"]
build-strict = ["Cython (==3.0.0a11)", "scikit-build (==0.11.1)", "cmake (==3.21.2)", "ninja (==1.10.2)", "cibuildwheel (==2.11.2)", "cibuildwheel (==2.11.2)", "cibuildwheel (==2.8.1)", "cibuildwheel (==2.11.2)", "cibuildwheel (==2.11.2)", "cibuildwheel (==2.11.2)"]
ipython-strict = ["IPython (==0.13)", "IPython (==0.13)"]
ipython = ["ipython", "ipython"]
tests = ["pytest", "pytest-cov", "coverage", "ubelt", "ipython", "ipython"]
tests-strict = ["pytest (==4.6.11)", "pytest-cov (==2.10.1)", "coverage[toml] (==5.3)", "ubelt (==1.0.1)", "IPython (==0.13)", "IPython (==0.13)"]

[[package]]
name = "markupsafe"
version = "2.1.1"
description = "Safely add untrusted strings to HTML/XML markup."
category = "main"
optional = false
python-versions = ">=3.7"

[[package]]
name = "multidict"
version = "6.0.2"
description = "multidict implementation"
category = "main"
optional = false
python-versions = ">=3.7"

[[package]]
name = "networkx"
version = "2.8.5"
description = "Python package for creating and manipulating graphs and networks"
category = "main"
optional = false
python-versions = ">=3.8"

[package.extras]
default = ["numpy (>=1.19)", "scipy (>=1.8)", "matplotlib (>=3.4)", "pandas (>=1.3)"]
developer = ["pre-commit (>=2.19)", "mypy (>=0.960)"]
doc = ["sphinx (>=5)", "pydata-sphinx-theme (>=0.9)", "sphinx-gallery (>=0.10)", "numpydoc (>=1.4)", "pillow (>=9.1)", "nb2plots (>=0.6)", "texext (>=0.6.6)"]
extra = ["lxml (>=4.6)", "pygraphviz (>=1.9)", "pydot (>=1.4.2)", "sympy (>=1.10)"]
test = ["pytest (>=7.1)", "pytest-cov (>=3.0)", "codecov (>=2.1)"]

[[package]]
name = "numpy"
version = "1.22.4"
description = "NumPy is the fundamental package for array computing with Python."
category = "main"
optional = false
python-versions = ">=3.8"

[[package]]
name = "opencv-python"
version = "4.6.0.66"
description = "Wrapper package for OpenCV python bindings."
category = "main"
optional = false
python-versions = ">=3.6"

[package.dependencies]
numpy = [
    {version = ">=1.21.2", markers = "python_version >= \"3.6\" and platform_system == \"Darwin\" and platform_machine == \"arm64\""},
    {version = ">=1.19.3", markers = "python_version >= \"3.6\" and platform_system == \"Linux\" and platform_machine == \"aarch64\""},
    {version = ">=1.14.5", markers = "python_version >= \"3.7\""},
    {version = ">=1.17.3", markers = "python_version >= \"3.8\""},
]

[[package]]
name = "packaging"
version = "21.3"
description = "Core utilities for Python packages"
category = "main"
optional = false
python-versions = ">=3.6"

[package.dependencies]
pyparsing = ">=2.0.2,<3.0.5 || >3.0.5"

[[package]]
name = "pillow"
version = "9.2.0"
description = "Python Imaging Library (Fork)"
category = "main"
optional = false
python-versions = ">=3.7"

[package.extras]
docs = ["furo", "olefile", "sphinx (>=2.4)", "sphinx-copybutton", "sphinx-issues (>=3.0.1)", "sphinx-removed-in", "sphinxext-opengraph"]
tests = ["check-manifest", "coverage", "defusedxml", "markdown2", "olefile", "packaging", "pyroma", "pytest", "pytest-cov", "pytest-timeout"]

[[package]]
name = "pilmoji"
version = "2.0.2"
description = "Pilmoji is an emoji renderer for Pillow, Python's imaging library."
category = "main"
optional = false
python-versions = ">=3.8.0"

[package.dependencies]
emoji = "*"
Pillow = "*"

[package.extras]
requests = ["requests"]

[[package]]
name = "psutil"
version = "5.9.1"
description = "Cross-platform lib for process and system monitoring in Python."
category = "main"
optional = false
python-versions = ">=2.7, !=3.0.*, !=3.1.*, !=3.2.*, !=3.3.*"

[package.extras]
test = ["ipaddress", "mock", "enum34", "pywin32", "wmi"]

[[package]]
name = "pymongo"
version = "4.1.1"
description = "Python driver for MongoDB <http://www.mongodb.org>"
category = "main"
optional = false
python-versions = ">=3.6.2"

[package.extras]
aws = ["pymongo-auth-aws (<2.0.0)"]
encryption = ["pymongocrypt (>=1.2.0,<2.0.0)"]
gssapi = ["pykerberos"]
ocsp = ["pyopenssl (>=17.2.0)", "requests (<3.0.0)", "service-identity (>=18.1.0)", "certifi"]
snappy = ["python-snappy"]
srv = ["dnspython (>=1.16.0,<3.0.0)"]
zstd = ["zstandard"]

[[package]]
name = "pyparsing"
version = "3.0.9"
description = "pyparsing module - Classes and methods to define and execute parsing grammars"
category = "main"
optional = false
python-versions = ">=3.6.8"

[package.extras]
diagrams = ["railroad-diagrams", "jinja2"]

[[package]]
name = "pywavelets"
version = "1.3.0"
description = "PyWavelets, wavelet transform module"
category = "main"
optional = false
python-versions = ">=3.7"

[package.dependencies]
numpy = ">=1.17.3"

[[package]]
name = "requests"
version = "2.28.1"
description = "Python HTTP for Humans."
category = "main"
optional = false
python-versions = ">=3.7, <4"

[package.dependencies]
certifi = ">=2017.4.17"
charset-normalizer = ">=2,<3"
idna = ">=2.5,<4"
urllib3 = ">=1.21.1,<1.27"

[package.extras]
socks = ["PySocks (>=1.5.6,!=1.5.7)"]
use_chardet_on_py3 = ["chardet (>=3.0.2,<6)"]

[[package]]
name = "scikit-image"
version = "0.19.3"
description = "Image processing in Python"
category = "main"
optional = false
python-versions = ">=3.7"

[package.dependencies]
imageio = ">=2.4.1"
networkx = ">=2.2"
numpy = ">=1.17.0"
packaging = ">=20.0"
pillow = ">=6.1.0,<7.1.0 || >7.1.0,<7.1.1 || >7.1.1,<8.3.0 || >8.3.0"
PyWavelets = ">=1.1.1"
scipy = ">=1.4.1"
tifffile = ">=2019.7.26"

[package.extras]
data = ["pooch (>=1.3.0)"]
docs = ["sphinx (>=1.8)", "sphinx-gallery (>=0.10.1)", "numpydoc (>=1.0)", "sphinx-copybutton", "pytest-runner", "scikit-learn", "matplotlib (>=3.3)", "dask[array] (>=0.15.0,!=2.17.0)", "cloudpickle (>=0.2.1)", "pandas (>=0.23.0)", "seaborn (>=0.7.1)", "pooch (>=1.3.0)", "tifffile (>=2020.5.30)", "myst-parser", "ipywidgets", "plotly (>=4.14.0)", "kaleido"]
optional = ["simpleitk", "astropy (>=3.1.2)", "cloudpickle (>=0.2.1)", "dask[array] (>=1.0.0,!=2.17.0)", "matplotlib (>=3.0.3)", "pooch (>=1.3.0)", "pyamg", "qtpy"]
test = ["asv", "codecov", "flake8", "matplotlib (>=3.0.3)", "pooch (>=1.3.0)", "pytest (>=5.2.0)", "pytest-cov (>=2.7.0)", "pytest-localserver", "pytest-faulthandler"]

[[package]]
name = "scipy"
version = "1.9.0"
description = "SciPy: Scientific Library for Python"
category = "main"
optional = false
python-versions = ">=3.8,<3.12"

[package.dependencies]
numpy = ">=1.18.5,<1.25.0"

[[package]]
name = "six"
version = "1.16.0"
description = "Python 2 and 3 compatibility utilities"
category = "main"
optional = false
python-versions = ">=2.7, !=3.0.*, !=3.1.*, !=3.2.*"

[[package]]
name = "tifffile"
version = "2022.8.12"
description = "Read and write TIFF files"
category = "main"
optional = false
python-versions = ">=3.8"

[package.dependencies]
numpy = ">=1.19.2"

[package.extras]
all = ["imagecodecs (>=2022.2.22)", "matplotlib (>=3.3)", "lxml"]

[[package]]
name = "topggpy"
version = "1.4.0"
description = "A simple API wrapper for Top.gg written in Python."
category = "main"
optional = false
python-versions = ">= 3.6"

[package.dependencies]
"discord.py" = "*"

[[package]]
name = "typing-extensions"
version = "4.2.0"
description = "Backported and Experimental Type Hints for Python 3.7+"
category = "main"
optional = false
python-versions = ">=3.7"

[[package]]
name = "urllib3"
version = "1.26.10"
description = "HTTP library with thread-safe connection pooling, file post, and more."
category = "main"
optional = false
python-versions = ">=2.7, !=3.0.*, !=3.1.*, !=3.2.*, !=3.3.*, !=3.4.*, !=3.5.*, <4"

[package.extras]
brotli = ["brotlicffi (>=0.8.0)", "brotli (>=1.0.9)", "brotlipy (>=0.6.0)"]
secure = ["pyOpenSSL (>=0.14)", "cryptography (>=1.3.4)", "idna (>=2.0.0)", "certifi", "ipaddress"]
socks = ["PySocks (>=1.5.6,!=1.5.7,<2.0)"]

[[package]]
name = "werkzeug"
version = "2.1.2"
description = "The comprehensive WSGI web application library."
category = "main"
optional = false
python-versions = ">=3.7"

[package.extras]
watchdog = ["watchdog"]

[[package]]
name = "yarl"
version = "1.7.2"
description = "Yet another URL library"
category = "main"
optional = false
python-versions = ">=3.6"

[package.dependencies]
idna = ">=2.0"
multidict = ">=4.0"

[[package]]
name = "zipp"
version = "3.8.0"
description = "Backport of pathlib-compatible object wrapper for zip files"
category = "main"
optional = false
python-versions = ">=3.7"

[package.extras]
docs = ["sphinx", "jaraco.packaging (>=9)", "rst.linker (>=1.9)"]
testing = ["pytest (>=6)", "pytest-checkdocs (>=2.4)", "pytest-flake8", "pytest-cov", "pytest-enabler (>=1.0.1)", "jaraco.itertools", "func-timeout", "pytest-black (>=0.3.7)", "pytest-mypy (>=0.9.1)"]

[metadata]
lock-version = "1.1"
python-versions = ">=3.8.0,<3.9"
content-hash = "4a79b8437cc48f86a8c86ce64e0db4f65a2b2e854f3802ead2972cd996c36f60"

[metadata.files]
aiohttp = []
astunparse = []
async-timeout = []
attrs = []
braceexpand = []
certifi = []
chardet = []
charset-normalizer = []
click = []
colorama = []
discord = []
discord-ext-menus = []
"discord.py" = []
dnspython = []
emoji = []
flask = []
idna = []
imageio = []
import-expression = []
importlib-metadata = []
itsdangerous = []
jinja2 = []
jishaku = []
line-profiler = []
markupsafe = []
multidict = []
networkx = []
numpy = []
opencv-python = []
packaging = []
pillow = []
pilmoji = []
psutil = []
pymongo = []
pyparsing = []
pywavelets = []
requests = []
scikit-image = []
scipy = []
six = []
tifffile = []
topggpy = []
typing-extensions = []
urllib3 = []
werkzeug = []
yarl = []
zipp = []
